
Microsoft Visual Studio Solution File, Format Version 12.00
# Visual Studio Version 16
VisualStudioVersion = 16.0.30717.126
MinimumVisualStudioVersion = 10.0.40219.1
Project("{FAE04EC0-301F-11D3-BF4B-00C04F79EFBC}") = "TestRanking", "TestRanking\TestRanking.csproj", "{AE38B138-CC4D-4EC7-9CE8-141B32CA5BFB}"
EndProject
Global
	GlobalSection(SolutionConfigurationPlatforms) = preSolution
		Debug|Any CPU = Debug|Any CPU
		Release|Any CPU = Release|Any CPU
	EndGlobalSection
	GlobalSection(ProjectConfigurationPlatforms) = postSolution
		{AE38B138-CC4D-4EC7-9CE8-141B32CA5BFB}.Debug|Any CPU.ActiveCfg = Debug|Any CPU
		{AE38B138-CC4D-4EC7-9CE8-141B32CA5BFB}.Debug|Any CPU.Build.0 = Debug|Any CPU
		{AE38B138-CC4D-4EC7-9CE8-141B32CA5BFB}.Release|Any CPU.ActiveCfg = Release|Any CPU
		{AE38B138-CC4D-4EC7-9CE8-141B32CA5BFB}.Release|Any CPU.Build.0 = Release|Any CPU
	EndGlobalSection
	GlobalSection(SolutionProperties) = preSolution
		HideSolutionNode = FALSE
	EndGlobalSection
	GlobalSection(ExtensibilityGlobals) = postSolution
		SolutionGuid = {E36ADCD0-7EC0-4FBD-A64D-AC27672DED1B}
	EndGlobalSection
EndGlobal
